
Microsoft Visual Studio Solution File, Format Version 12.00
# Visual Studio Version 17
VisualStudioVersion = 17.3.32825.248
MinimumVisualStudioVersion = 10.0.40219.1
Project("{FAE04EC0-301F-11D3-BF4B-00C04F79EFBC}") = "GR44_W2_Hangman", "GR44_W2_Hangman\GR44_W2_Hangman.csproj", "{50267FCE-4944-47A6-977C-4B94F58E8B39}"
EndProject
Global
	GlobalSection(SolutionConfigurationPlatforms) = preSolution
		Debug|Any CPU = Debug|Any CPU
		Release|Any CPU = Release|Any CPU
	EndGlobalSection
	GlobalSection(ProjectConfigurationPlatforms) = postSolution
		{50267FCE-4944-47A6-977C-4B94F58E8B39}.Debug|Any CPU.ActiveCfg = Debug|Any CPU
		{50267FCE-4944-47A6-977C-4B94F58E8B39}.Debug|Any CPU.Build.0 = Debug|Any CPU
		{50267FCE-4944-47A6-977C-4B94F58E8B39}.Release|Any CPU.ActiveCfg = Release|Any CPU
		{50267FCE-4944-47A6-977C-4B94F58E8B39}.Release|Any CPU.Build.0 = Release|Any CPU
	EndGlobalSection
	GlobalSection(SolutionProperties) = preSolution
		HideSolutionNode = FALSE
	EndGlobalSection
	GlobalSection(ExtensibilityGlobals) = postSolution
		SolutionGuid = {780B31C3-AB0F-4F8A-94ED-2B6123D661DC}
	EndGlobalSection
EndGlobal
